
Microsoft Visual Studio Solution File, Format Version 12.00
# Visual Studio Version 17
VisualStudioVersion = 17.4.33205.214
MinimumVisualStudioVersion = 10.0.40219.1
Project("{FAE04EC0-301F-11D3-BF4B-00C04F79EFBC}") = "Jogo da Velha", "Jogo da Velha.csproj", "{CD5A5585-E28D-4AFF-BFFB-04625E16BD06}"
EndProject
Global
	GlobalSection(SolutionConfigurationPlatforms) = preSolution
		Debug|Any CPU = Debug|Any CPU
		Release|Any CPU = Release|Any CPU
	EndGlobalSection
	GlobalSection(ProjectConfigurationPlatforms) = postSolution
		{CD5A5585-E28D-4AFF-BFFB-04625E16BD06}.Debug|Any CPU.ActiveCfg = Debug|Any CPU
		{CD5A5585-E28D-4AFF-BFFB-04625E16BD06}.Debug|Any CPU.Build.0 = Debug|Any CPU
		{CD5A5585-E28D-4AFF-BFFB-04625E16BD06}.Release|Any CPU.ActiveCfg = Release|Any CPU
		{CD5A5585-E28D-4AFF-BFFB-04625E16BD06}.Release|Any CPU.Build.0 = Release|Any CPU
	EndGlobalSection
	GlobalSection(SolutionProperties) = preSolution
		HideSolutionNode = FALSE
	EndGlobalSection
	GlobalSection(ExtensibilityGlobals) = postSolution
		SolutionGuid = {39A295E2-D805-44F6-8964-D92D04D78FC5}
	EndGlobalSection
EndGlobal
