
Microsoft Visual Studio Solution File, Format Version 12.00
# Visual Studio Version 17
VisualStudioVersion = 17.4.33205.214
MinimumVisualStudioVersion = 10.0.40219.1
Project("{9A19103F-16F7-4668-BE54-9A1E7A4F7556}") = "Jogo da Velha v.1.1", "Jogo da Velha v.1.1.csproj", "{9A82E669-6BC9-4CBC-A731-3F5EAF12F470}"
EndProject
Project("{FAE04EC0-301F-11D3-BF4B-00C04F79EFBC}") = "test", "..\test\test.csproj", "{ECEBC7B0-DB8F-4CAD-BCA3-14A99E440104}"
EndProject
Global
	GlobalSection(SolutionConfigurationPlatforms) = preSolution
		Debug|Any CPU = Debug|Any CPU
		Release|Any CPU = Release|Any CPU
	EndGlobalSection
	GlobalSection(ProjectConfigurationPlatforms) = postSolution
		{9A82E669-6BC9-4CBC-A731-3F5EAF12F470}.Debug|Any CPU.ActiveCfg = Debug|Any CPU
		{9A82E669-6BC9-4CBC-A731-3F5EAF12F470}.Debug|Any CPU.Build.0 = Debug|Any CPU
		{9A82E669-6BC9-4CBC-A731-3F5EAF12F470}.Release|Any CPU.ActiveCfg = Release|Any CPU
		{9A82E669-6BC9-4CBC-A731-3F5EAF12F470}.Release|Any CPU.Build.0 = Release|Any CPU
		{ECEBC7B0-DB8F-4CAD-BCA3-14A99E440104}.Debug|Any CPU.ActiveCfg = Debug|Any CPU
		{ECEBC7B0-DB8F-4CAD-BCA3-14A99E440104}.Debug|Any CPU.Build.0 = Debug|Any CPU
		{ECEBC7B0-DB8F-4CAD-BCA3-14A99E440104}.Release|Any CPU.ActiveCfg = Release|Any CPU
		{ECEBC7B0-DB8F-4CAD-BCA3-14A99E440104}.Release|Any CPU.Build.0 = Release|Any CPU
	EndGlobalSection
	GlobalSection(SolutionProperties) = preSolution
		HideSolutionNode = FALSE
	EndGlobalSection
	GlobalSection(ExtensibilityGlobals) = postSolution
		SolutionGuid = {0598D9C4-9DAD-460E-969A-C641E5B81228}
	EndGlobalSection
EndGlobal
